
Microsoft Visual Studio Solution File, Format Version 12.00
# Visual Studio Version 17
VisualStudioVersion = 17.5.002.0
MinimumVisualStudioVersion = 10.0.40219.1
Project("{9A19103F-16F7-4668-BE54-9A1E7A4F7556}") = "Caixa", "Caixa.csproj", "{389291D4-2FB6-4BA2-8CF0-0CE75B43DAB0}"
EndProject
Global
	GlobalSection(SolutionConfigurationPlatforms) = preSolution
		Debug|Any CPU = Debug|Any CPU
		Release|Any CPU = Release|Any CPU
	EndGlobalSection
	GlobalSection(ProjectConfigurationPlatforms) = postSolution
		{389291D4-2FB6-4BA2-8CF0-0CE75B43DAB0}.Debug|Any CPU.ActiveCfg = Debug|Any CPU
		{389291D4-2FB6-4BA2-8CF0-0CE75B43DAB0}.Debug|Any CPU.Build.0 = Debug|Any CPU
		{389291D4-2FB6-4BA2-8CF0-0CE75B43DAB0}.Release|Any CPU.ActiveCfg = Release|Any CPU
		{389291D4-2FB6-4BA2-8CF0-0CE75B43DAB0}.Release|Any CPU.Build.0 = Release|Any CPU
	EndGlobalSection
	GlobalSection(SolutionProperties) = preSolution
		HideSolutionNode = FALSE
	EndGlobalSection
	GlobalSection(ExtensibilityGlobals) = postSolution
		SolutionGuid = {AC1FB68D-C6F1-4913-97A2-6A52C916E194}
	EndGlobalSection
EndGlobal
